<?xml version="1.0" encoding="utf-8"?>
<Project ToolsVersion="4.0" xmlns="http://schemas.microsoft.com/developer/msbuild/2003">
  <ItemGroup>
    <Filter Include="Source Files">
      <UniqueIdentifier>{4FC737F1-C7A5-4376-A066-2A32D752A2FF}</UniqueIdentifier>
      <Extensions>cpp;c;cc;cxx;c++;cppm;ixx;def;odl;idl;hpj;bat;asm;asmx</Extensions>
    </Filter>
    <Filter Include="Header Files">
      <UniqueIdentifier>{93995380-89BD-4b04-88EB-625FBE52EBFB}</UniqueIdentifier>
      <Extensions>h;hh;hpp;hxx;h++;hm;inl;inc;ipp;xsd</Extensions>
    </Filter>
    <Filter Include="Resource Files">
      <UniqueIdentifier>{67DA6AB6-F800-4c08-8B7A-83BB121AAD01}</UniqueIdentifier>
      <Extensions>rc;ico;cur;bmp;dlg;rc2;rct;bin;rgs;gif;jpg;jpeg;jpe;resx;tiff;tif;png;wav;mfcribbon-ms</Extensions>
    </Filter>
    <Filter Include="Resource Files\Fonts">
      <UniqueIdentifier>{71eef1fb-e758-405c-a284-59e7ce95eb34}</UniqueIdentifier>
      <Extensions>ttf</Extensions>
    </Filter>
    <Filter Include="Resource Files\Sounds">
      <UniqueIdentifier>{61555d49-de1b-4f0e-b3b2-d130a54028e9}</UniqueIdentifier>
      <Extensions>wav,ogg,mp3</Extensions>
    </Filter>
    <Filter Include="Resource Files\Images">
      <UniqueIdentifier>{7f4671d8-6a6a-4a9b-90f1-8226b3629e80}</UniqueIdentifier>
    </Filter>
    <Filter Include="Resource Files\Shaders">
      <UniqueIdentifier>{2c496c51-5ff0-49ef-8568-e0b1a90c385c}</UniqueIdentifier>
    </Filter>
    <Filter Include="Header Files\Projectiles">
      <UniqueIdentifier>{359b50a2-0274-4c0b-b528-4f5e4c762814}</UniqueIdentifier>
    </Filter>
    <Filter Include="Source Files\Menus">
      <UniqueIdentifier>{7eae628e-980d-432c-9a44-86dcc6beec9d}</UniqueIdentifier>
    </Filter>
    <Filter Include="Header Files\Menus">
      <UniqueIdentifier>{6a20c65f-7460-444b-9ee6-782e4eb7dad3}</UniqueIdentifier>
    </Filter>
    <Filter Include="Source Files\Projectiles">
      <UniqueIdentifier>{a652702f-26ed-48ae-8fe1-57ca80540a18}</UniqueIdentifier>
    </Filter>
  </ItemGroup>
  <ItemGroup>
    <ClCompile Include="Scorched.cpp">
      <Filter>Source Files</Filter>
    </ClCompile>
    <ClCompile Include="Renderer.cpp">
      <Filter>Source Files</Filter>
    </ClCompile>
    <ClCompile Include="FileSystem.cpp">
      <Filter>Source Files</Filter>
    </ClCompile>
    <ClCompile Include="TerrainGenerator.cpp">
      <Filter>Source Files</Filter>
    </ClCompile>
    <ClCompile Include="SoundManager.cpp">
      <Filter>Source Files</Filter>
    </ClCompile>
    <ClCompile Include="Tank.cpp">
      <Filter>Source Files</Filter>
    </ClCompile>
    <ClCompile Include="Physics.cpp">
      <Filter>Source Files</Filter>
    </ClCompile>
    <ClCompile Include="HUD.cpp">
      <Filter>Source Files</Filter>
    </ClCompile>
    <ClCompile Include="Explosion.cpp">
      <Filter>Source Files</Filter>
    </ClCompile>
    <ClCompile Include="backgroud_particles.cpp">
      <Filter>Source Files</Filter>
    </ClCompile>
    <ClCompile Include="animated_sprite.cpp">
      <Filter>Source Files</Filter>
    </ClCompile>
    <ClCompile Include="game_state_controller.cpp">
      <Filter>Source Files</Filter>
    </ClCompile>
    <ClCompile Include="window_manager.cpp">
      <Filter>Source Files</Filter>
    </ClCompile>
    <ClCompile Include="ConfigJSON.cpp">
      <Filter>Source Files</Filter>
    </ClCompile>
    <ClCompile Include="Menu.cpp">
      <Filter>Source Files\Menus</Filter>
    </ClCompile>
    <ClCompile Include="MenuButton.cpp">
      <Filter>Source Files\Menus</Filter>
    </ClCompile>
    <ClCompile Include="MenuManager.cpp">
      <Filter>Source Files\Menus</Filter>
    </ClCompile>
    <ClCompile Include="MenuModalWindow.cpp">
      <Filter>Source Files\Menus</Filter>
    </ClCompile>
    <ClCompile Include="0ProjectileDefaults.cpp">
      <Filter>Source Files\Projectiles</Filter>
    </ClCompile>
    <ClCompile Include="ProjectileFactory.cpp">
      <Filter>Source Files\Projectiles</Filter>
    </ClCompile>
  </ItemGroup>
  <ItemGroup>
    <None Include="README.md" />
    <None Include="packages.config" />
  </ItemGroup>
  <ItemGroup>
    <ClInclude Include="Config.h">
      <Filter>Header Files</Filter>
    </ClInclude>
    <ClInclude Include="FileSystem.h">
      <Filter>Header Files</Filter>
    </ClInclude>
    <ClInclude Include="TerrainGenerator.h">
      <Filter>Header Files</Filter>
    </ClInclude>
    <ClInclude Include="SoundManager.h">
      <Filter>Header Files</Filter>
    </ClInclude>
    <ClInclude Include="HUD.h">
      <Filter>Header Files</Filter>
    </ClInclude>
    <ClInclude Include="Physics.h">
      <Filter>Header Files</Filter>
    </ClInclude>
    <ClInclude Include="Explosion.h">
      <Filter>Header Files</Filter>
    </ClInclude>
    <ClInclude Include="Tank.h">
      <Filter>Header Files</Filter>
    </ClInclude>
    <ClInclude Include="Renderer.h">
      <Filter>Header Files</Filter>
    </ClInclude>
    <ClInclude Include="Scorched.h">
      <Filter>Header Files</Filter>
    </ClInclude>
    <ClInclude Include="background_particles.h">
      <Filter>Header Files</Filter>
    </ClInclude>
    <ClInclude Include="animated_sprite.h">
      <Filter>Header Files</Filter>
    </ClInclude>
    <ClInclude Include="game_state_controller.h">
      <Filter>Header Files</Filter>
    </ClInclude>
    <ClInclude Include="window_manager.h">
      <Filter>Header Files</Filter>
    </ClInclude>
    <ClInclude Include="debug_output.h">
      <Filter>Header Files</Filter>
    </ClInclude>
    <ClInclude Include="ConfigJSON.h">
      <Filter>Header Files</Filter>
    </ClInclude>
    <ClInclude Include="Menu.h">
      <Filter>Header Files\Menus</Filter>
    </ClInclude>
    <ClInclude Include="MenuButton.h">
      <Filter>Header Files\Menus</Filter>
    </ClInclude>
    <ClInclude Include="MenuManager.h">
      <Filter>Header Files\Menus</Filter>
    </ClInclude>
    <ClInclude Include="MenuModalWindow.h">
      <Filter>Header Files\Menus</Filter>
    </ClInclude>
    <ClInclude Include="0ProjectileDefaults.h">
      <Filter>Header Files\Projectiles</Filter>
    </ClInclude>
    <ClInclude Include="ProjectileFactory.h">
      <Filter>Header Files\Projectiles</Filter>
    </ClInclude>
    <ClInclude Include="ProjectileInterface.h">
      <Filter>Header Files\Projectiles</Filter>
    </ClInclude>
  </ItemGroup>
  <ItemGroup>
    <Font Include="Roboto-Bold.ttf">
      <Filter>Resource Files\Fonts</Filter>
    </Font>
  </ItemGroup>
  <ItemGroup>
    <ResourceCompile Include="ResourcesAudio.rc">
      <Filter>Resource Files</Filter>
    </ResourceCompile>
  </ItemGroup>
  <ItemGroup>
    <Image Include="Images\Terrain\overlay.png">
      <Filter>Resource Files\Images</Filter>
    </Image>
    <Image Include="Images\rock1.jpg">
      <Filter>Resource Files\Images</Filter>
    </Image>
    <Image Include="Images\sky1.png">
      <Filter>Resource Files\Images</Filter>
    </Image>
    <Image Include="Images\hudBackground.png">
      <Filter>Resource Files\Images</Filter>
    </Image>
    <Image Include="Images\snowflake.png">
      <Filter>Resource Files\Images</Filter>
    </Image>
    <Image Include="Images\tank.png">
      <Filter>Resource Files\Images</Filter>
    </Image>
    <Image Include="Images\tank-green.png">
      <Filter>Resource Files\Images</Filter>
    </Image>
    <Image Include="Images\turret.png">
      <Filter>Resource Files\Images</Filter>
    </Image>
    <Image Include="Images\tank-army.png">
      <Filter>Resource Files\Images</Filter>
    </Image>
    <Image Include="Images\turret-army.png">
      <Filter>Resource Files\Images</Filter>
    </Image>
    <Image Include="Images\menu_background.png">
      <Filter>Resource Files\Images</Filter>
    </Image>
    <Image Include="Images\icon-master.png">
      <Filter>Resource Files\Images</Filter>
    </Image>
  </ItemGroup>
  <ItemGroup>
    <Media Include="Sounds\9mm-pistol-shoot-short-reverb-7152.wav">
      <Filter>Resource Files\Sounds</Filter>
    </Media>
    <Media Include="Sounds\mixkit-blast-hit-with-echo-2186.wav">
      <Filter>Resource Files\Sounds</Filter>
    </Media>
    <Media Include="Sounds\cogs.wav">
      <Filter>Resource Files\Sounds</Filter>
    </Media>
  </ItemGroup>
</Project>